// !$*UTF8*$!
{
	archiveVersion = 1;
	classes = {
	};
	objectVersion = 55;
	objects = {

/* Begin PBXBuildFile section */
		39D1C74F48F7F77BC494C2AF /* Pods_ACCPodTester.framework in Frameworks */ = {isa = PBXBuildFile; fileRef = 93CC5327CF89694D48B1ADA3 /* Pods_ACCPodTester.framework */; };
		D6AA88EB286B8D140008DBD2 /* AppDelegate.swift in Sources */ = {isa = PBXBuildFile; fileRef = D6AA88EA286B8D140008DBD2 /* AppDelegate.swift */; };
		D6AA88ED286B8D140008DBD2 /* SceneDelegate.swift in Sources */ = {isa = PBXBuildFile; fileRef = D6AA88EC286B8D140008DBD2 /* SceneDelegate.swift */; };
		D6AA88EF286B8D140008DBD2 /* ViewController.swift in Sources */ = {isa = PBXBuildFile; fileRef = D6AA88EE286B8D140008DBD2 /* ViewController.swift */; };
		D6AA88F2286B8D140008DBD2 /* Main.storyboard in Resources */ = {isa = PBXBuildFile; fileRef = D6AA88F0286B8D140008DBD2 /* Main.storyboard */; };
		D6AA88F4286B8D140008DBD2 /* Assets.xcassets in Resources */ = {isa = PBXBuildFile; fileRef = D6AA88F3286B8D140008DBD2 /* Assets.xcassets */; };
		D6AA88F7286B8D140008DBD2 /* LaunchScreen.storyboard in Resources */ = {isa = PBXBuildFile; fileRef = D6AA88F5286B8D140008DBD2 /* LaunchScreen.storyboard */; };
/* End PBXBuildFile section */

/* Begin PBXFileReference section */
		34071476EF96641326D2799B /* Pods-ACCPodTester.release.xcconfig */ = {isa = PBXFileReference; includeInIndex = 1; lastKnownFileType = text.xcconfig; name = "Pods-ACCPodTester.release.xcconfig"; path = "Target Support Files/Pods-ACCPodTester/Pods-ACCPodTester.release.xcconfig"; sourceTree = "<group>"; };
		502544A12CB8D2D489E68B3F /* Pods-ACCPodTester.debug.xcconfig */ = {isa = PBXFileReference; includeInIndex = 1; lastKnownFileType = text.xcconfig; name = "Pods-ACCPodTester.debug.xcconfig"; path = "Target Support Files/Pods-ACCPodTester/Pods-ACCPodTester.debug.xcconfig"; sourceTree = "<group>"; };
		93CC5327CF89694D48B1ADA3 /* Pods_ACCPodTester.framework */ = {isa = PBXFileReference; explicitFileType = wrapper.framework; includeInIndex = 0; path = Pods_ACCPodTester.framework; sourceTree = BUILT_PRODUCTS_DIR; };
		D6AA88E7286B8D140008DBD2 /* ACCPodTester.app */ = {isa = PBXFileReference; explicitFileType = wrapper.application; includeInIndex = 0; path = ACCPodTester.app; sourceTree = BUILT_PRODUCTS_DIR; };
		D6AA88EA286B8D140008DBD2 /* AppDelegate.swift */ = {isa = PBXFileReference; lastKnownFileType = sourcecode.swift; path = AppDelegate.swift; sourceTree = "<group>"; };
		D6AA88EC286B8D140008DBD2 /* SceneDelegate.swift */ = {isa = PBXFileReference; lastKnownFileType = sourcecode.swift; path = SceneDelegate.swift; sourceTree = "<group>"; };
		D6AA88EE286B8D140008DBD2 /* ViewController.swift */ = {isa = PBXFileReference; lastKnownFileType = sourcecode.swift; path = ViewController.swift; sourceTree = "<group>"; };
		D6AA88F1286B8D140008DBD2 /* Base */ = {isa = PBXFileReference; lastKnownFileType = file.storyboard; name = Base; path = Base.lproj/Main.storyboard; sourceTree = "<group>"; };
		D6AA88F3286B8D140008DBD2 /* Assets.xcassets */ = {isa = PBXFileReference; lastKnownFileType = folder.assetcatalog; path = Assets.xcassets; sourceTree = "<group>"; };
		D6AA88F6286B8D140008DBD2 /* Base */ = {isa = PBXFileReference; lastKnownFileType = file.storyboard; name = Base; path = Base.lproj/LaunchScreen.storyboard; sourceTree = "<group>"; };
		D6AA88F8286B8D140008DBD2 /* Info.plist */ = {isa = PBXFileReference; lastKnownFileType = text.plist.xml; path = Info.plist; sourceTree = "<group>"; };
/* End PBXFileReference section */

/* Begin PBXFrameworksBuildPhase section */
		D6AA88E4286B8D140008DBD2 /* Frameworks */ = {
			isa = PBXFrameworksBuildPhase;
			buildActionMask = 2147483647;
			files = (
				39D1C74F48F7F77BC494C2AF /* Pods_ACCPodTester.framework in Frameworks */,
			);
			runOnlyForDeploymentPostprocessing = 0;
		};
/* End PBXFrameworksBuildPhase section */

/* Begin PBXGroup section */
		385D67D6F8E263EC95E32D3D /* Frameworks */ = {
			isa = PBXGroup;
			children = (
				93CC5327CF89694D48B1ADA3 /* Pods_ACCPodTester.framework */,
			);
			name = Frameworks;
			sourceTree = "<group>";
		};
		D6AA88DE286B8D140008DBD2 = {
			isa = PBXGroup;
			children = (
				D6AA88E9286B8D140008DBD2 /* ACCPodTester */,
				D6AA88E8286B8D140008DBD2 /* Products */,
				F091F29BD685D07ACEECEAF0 /* Pods */,
				385D67D6F8E263EC95E32D3D /* Frameworks */,
			);
			sourceTree = "<group>";
		};
		D6AA88E8286B8D140008DBD2 /* Products */ = {
			isa = PBXGroup;
			children = (
				D6AA88E7286B8D140008DBD2 /* ACCPodTester.app */,
			);
			name = Products;
			sourceTree = "<group>";
		};
		D6AA88E9286B8D140008DBD2 /* ACCPodTester */ = {
			isa = PBXGroup;
			children = (
				D6AA88EA286B8D140008DBD2 /* AppDelegate.swift */,
				D6AA88EC286B8D140008DBD2 /* SceneDelegate.swift */,
				D6AA88EE286B8D140008DBD2 /* ViewController.swift */,
				D6AA88F0286B8D140008DBD2 /* Main.storyboard */,
				D6AA88F3286B8D140008DBD2 /* Assets.xcassets */,
				D6AA88F5286B8D140008DBD2 /* LaunchScreen.storyboard */,
				D6AA88F8286B8D140008DBD2 /* Info.plist */,
			);
			path = ACCPodTester;
			sourceTree = "<group>";
		};
		F091F29BD685D07ACEECEAF0 /* Pods */ = {
			isa = PBXGroup;
			children = (
				502544A12CB8D2D489E68B3F /* Pods-ACCPodTester.debug.xcconfig */,
				34071476EF96641326D2799B /* Pods-ACCPodTester.release.xcconfig */,
			);
			name = Pods;
			path = Pods;
			sourceTree = "<group>";
		};
/* End PBXGroup section */

/* Begin PBXNativeTarget section */
		D6AA88E6286B8D140008DBD2 /* ACCPodTester */ = {
			isa = PBXNativeTarget;
			buildConfigurationList = D6AA88FB286B8D140008DBD2 /* Build configuration list for PBXNativeTarget "ACCPodTester" */;
			buildPhases = (
				F121F7D308F8B3ABACDFFBF7 /* [CP] Check Pods Manifest.lock */,
				D6AA88E3286B8D140008DBD2 /* Sources */,
				D6AA88E4286B8D140008DBD2 /* Frameworks */,
				D6AA88E5286B8D140008DBD2 /* Resources */,
			);
			buildRules = (
			);
			dependencies = (
			);
			name = ACCPodTester;
			productName = ACCPodTester;
			productReference = D6AA88E7286B8D140008DBD2 /* ACCPodTester.app */;
			productType = "com.apple.product-type.application";
		};
/* End PBXNativeTarget section */

/* Begin PBXProject section */
		D6AA88DF286B8D140008DBD2 /* Project object */ = {
			isa = PBXProject;
			attributes = {
				BuildIndependentTargetsInParallel = 1;
				LastSwiftUpdateCheck = 1320;
				LastUpgradeCheck = 1320;
				TargetAttributes = {
					D6AA88E6286B8D140008DBD2 = {
						CreatedOnToolsVersion = 13.2.1;
					};
				};
			};
			buildConfigurationList = D6AA88E2286B8D140008DBD2 /* Build configuration list for PBXProject "ACCPodTester" */;
			compatibilityVersion = "Xcode 13.0";
			developmentRegion = en;
			hasScannedForEncodings = 0;
			knownRegions = (
				en,
				Base,
			);
			mainGroup = D6AA88DE286B8D140008DBD2;
			productRefGroup = D6AA88E8286B8D140008DBD2 /* Products */;
			projectDirPath = "";
			projectRoot = "";
			targets = (
				D6AA88E6286B8D140008DBD2 /* ACCPodTester */,
			);
		};
/* End PBXProject section */

/* Begin PBXResourcesBuildPhase section */
		D6AA88E5286B8D140008DBD2 /* Resources */ = {
			isa = PBXResourcesBuildPhase;
			buildActionMask = 2147483647;
			files = (
				D6AA88F7286B8D140008DBD2 /* LaunchScreen.storyboard in Resources */,
				D6AA88F4286B8D140008DBD2 /* Assets.xcassets in Resources */,
				D6AA88F2286B8D140008DBD2 /* Main.storyboard in Resources */,
			);
			runOnlyForDeploymentPostprocessing = 0;
		};
/* End PBXResourcesBuildPhase section */

/* Begin PBXShellScriptBuildPhase section */
		F121F7D308F8B3ABACDFFBF7 /* [CP] Check Pods Manifest.lock */ = {
			isa = PBXShellScriptBuildPhase;
			buildActionMask = 2147483647;
			files = (
			);
			inputFileListPaths = (
			);
			inputPaths = (
				"${PODS_PODFILE_DIR_PATH}/Podfile.lock",
				"${PODS_ROOT}/Manifest.lock",
			);
			name = "[CP] Check Pods Manifest.lock";
			outputFileListPaths = (
			);
			outputPaths = (
				"$(DERIVED_FILE_DIR)/Pods-ACCPodTester-checkManifestLockResult.txt",
			);
			runOnlyForDeploymentPostprocessing = 0;
			shellPath = /bin/sh;
			shellScript = "diff \"${PODS_PODFILE_DIR_PATH}/Podfile.lock\" \"${PODS_ROOT}/Manifest.lock\" > /dev/null\nif [ $? != 0 ] ; then\n    # print error to STDERR\n    echo \"error: The sandbox is not in sync with the Podfile.lock. Run 'pod install' or update your CocoaPods installation.\" >&2\n    exit 1\nfi\n# This output is used by Xcode 'outputs' to avoid re-running this script phase.\necho \"SUCCESS\" > \"${SCRIPT_OUTPUT_FILE_0}\"\n";
			showEnvVarsInLog = 0;
		};
/* End PBXShellScriptBuildPhase section */

/* Begin PBXSourcesBuildPhase section */
		D6AA88E3286B8D140008DBD2 /* Sources */ = {
			isa = PBXSourcesBuildPhase;
			buildActionMask = 2147483647;
			files = (
				D6AA88EF286B8D140008DBD2 /* ViewController.swift in Sources */,
				D6AA88EB286B8D140008DBD2 /* AppDelegate.swift in Sources */,
				D6AA88ED286B8D140008DBD2 /* SceneDelegate.swift in Sources */,
			);
			runOnlyForDeploymentPostprocessing = 0;
		};
/* End PBXSourcesBuildPhase section */

/* Begin PBXVariantGroup section */
		D6AA88F0286B8D140008DBD2 /* Main.storyboard */ = {
			isa = PBXVariantGroup;
			children = (
				D6AA88F1286B8D140008DBD2 /* Base */,
			);
			name = Main.storyboard;
			sourceTree = "<group>";
		};
		D6AA88F5286B8D140008DBD2 /* LaunchScreen.storyboard */ = {
			isa = PBXVariantGroup;
			children = (
				D6AA88F6286B8D140008DBD2 /* Base */,
			);
			name = LaunchScreen.storyboard;
			sourceTree = "<group>";
		};
/* End PBXVariantGroup section */

/* Begin XCBuildConfiguration section */
		D6AA88F9286B8D140008DBD2 /* Debug */ = {
			isa = XCBuildConfiguration;
			buildSettings = {
				ALWAYS_SEARCH_USER_PATHS = NO;
				CLANG_ANALYZER_NONNULL = YES;
				CLANG_ANALYZER_NUMBER_OBJECT_CONVERSION = YES_AGGRESSIVE;
				CLANG_CXX_LANGUAGE_STANDARD = "gnu++17";
				CLANG_CXX_LIBRARY = "libc++";
				CLANG_ENABLE_MODULES = YES;
				CLANG_ENABLE_OBJC_ARC = YES;
				CLANG_ENABLE_OBJC_WEAK = YES;
				CLANG_WARN_BLOCK_CAPTURE_AUTORELEASING = YES;
				CLANG_WARN_BOOL_CONVERSION = YES;
				CLANG_WARN_COMMA = YES;
				CLANG_WARN_CONSTANT_CONVERSION = YES;
				CLANG_WARN_DEPRECATED_OBJC_IMPLEMENTATIONS = YES;
				CLANG_WARN_DIRECT_OBJC_ISA_USAGE = YES_ERROR;
				CLANG_WARN_DOCUMENTATION_COMMENTS = YES;
				CLANG_WARN_EMPTY_BODY = YES;
				CLANG_WARN_ENUM_CONVERSION = YES;
				CLANG_WARN_INFINITE_RECURSION = YES;
				CLANG_WARN_INT_CONVERSION = YES;
				CLANG_WARN_NON_LITERAL_NULL_CONVERSION = YES;
				CLANG_WARN_OBJC_IMPLICIT_RETAIN_SELF = YES;
				CLANG_WARN_OBJC_LITERAL_CONVERSION = YES;
				CLANG_WARN_OBJC_ROOT_CLASS = YES_ERROR;
				CLANG_WARN_QUOTED_INCLUDE_IN_FRAMEWORK_HEADER = YES;
				CLANG_WARN_RANGE_LOOP_ANALYSIS = YES;
				CLANG_WARN_STRICT_PROTOTYPES = YES;
				CLANG_WARN_SUSPICIOUS_MOVE = YES;
				CLANG_WARN_UNGUARDED_AVAILABILITY = YES_AGGRESSIVE;
				CLANG_WARN_UNREACHABLE_CODE = YES;
				CLANG_WARN__DUPLICATE_METHOD_MATCH = YES;
				COPY_PHASE_STRIP = NO;
				DEBUG_INFORMATION_FORMAT = dwarf;
				ENABLE_STRICT_OBJC_MSGSEND = YES;
				ENABLE_TESTABILITY = YES;
				GCC_C_LANGUAGE_STANDARD = gnu11;
				GCC_DYNAMIC_NO_PIC = NO;
				GCC_NO_COMMON_BLOCKS = YES;
				GCC_OPTIMIZATION_LEVEL = 0;
				GCC_PREPROCESSOR_DEFINITIONS = (
					"DEBUG=1",
					"$(inherited)",
				);
				GCC_WARN_64_TO_32_BIT_CONVERSION = YES;
				GCC_WARN_ABOUT_RETURN_TYPE = YES_ERROR;
				GCC_WARN_UNDECLARED_SELECTOR = YES;
				GCC_WARN_UNINITIALIZED_AUTOS = YES_AGGRESSIVE;
				GCC_WARN_UNUSED_FUNCTION = YES;
				GCC_WARN_UNUSED_VARIABLE = YES;
				IPHONEOS_DEPLOYMENT_TARGET = 15.2;
				MTL_ENABLE_DEBUG_INFO = INCLUDE_SOURCE;
				MTL_FAST_MATH = YES;
				ONLY_ACTIVE_ARCH = YES;
				SDKROOT = iphoneos;
				SWIFT_ACTIVE_COMPILATION_CONDITIONS = DEBUG;
				SWIFT_OPTIMIZATION_LEVEL = "-Onone";
			};
			name = Debug;
		};
		D6AA88FA286B8D140008DBD2 /* Release */ = {
			isa = XCBuildConfiguration;
			buildSettings = {
				ALWAYS_SEARCH_USER_PATHS = NO;
				CLANG_ANALYZER_NONNULL = YES;
				CLANG_ANALYZER_NUMBER_OBJECT_CONVERSION = YES_AGGRESSIVE;
				CLANG_CXX_LANGUAGE_STANDARD = "gnu++17";
				CLANG_CXX_LIBRARY = "libc++";
				CLANG_ENABLE_MODULES = YES;
				CLANG_ENABLE_OBJC_ARC = YES;
				CLANG_ENABLE_OBJC_WEAK = YES;
				CLANG_WARN_BLOCK_CAPTURE_AUTORELEASING = YES;
				CLANG_WARN_BOOL_CONVERSION = YES;
				CLANG_WARN_COMMA = YES;
				CLANG_WARN_CONSTANT_CONVERSION = YES;
				CLANG_WARN_DEPRECATED_OBJC_IMPLEMENTATIONS = YES;
				CLANG_WARN_DIRECT_OBJC_ISA_USAGE = YES_ERROR;
				CLANG_WARN_DOCUMENTATION_COMMENTS = YES;
				CLANG_WARN_EMPTY_BODY = YES;
				CLANG_WARN_ENUM_CONVERSION = YES;
				CLANG_WARN_INFINITE_RECURSION = YES;
				CLANG_WARN_INT_CONVERSION = YES;
				CLANG_WARN_NON_LITERAL_NULL_CONVERSION = YES;
				CLANG_WARN_OBJC_IMPLICIT_RETAIN_SELF = YES;
				CLANG_WARN_OBJC_LITERAL_CONVERSION = YES;
				CLANG_WARN_OBJC_ROOT_CLASS = YES_ERROR;
				CLANG_WARN_QUOTED_INCLUDE_IN_FRAMEWORK_HEADER = YES;
				CLANG_WARN_RANGE_LOOP_ANALYSIS = YES;
				CLANG_WARN_STRICT_PROTOTYPES = YES;
				CLANG_WARN_SUSPICIOUS_MOVE = YES;
				CLANG_WARN_UNGUARDED_AVAILABILITY = YES_AGGRESSIVE;
				CLANG_WARN_UNREACHABLE_CODE = YES;
				CLANG_WARN__DUPLICATE_METHOD_MATCH = YES;
				COPY_PHASE_STRIP = NO;
				DEBUG_INFORMATION_FORMAT = "dwarf-with-dsym";
				ENABLE_NS_ASSERTIONS = NO;
				ENABLE_STRICT_OBJC_MSGSEND = YES;
				GCC_C_LANGUAGE_STANDARD = gnu11;
				GCC_NO_COMMON_BLOCKS = YES;
				GCC_WARN_64_TO_32_BIT_CONVERSION = YES;
				GCC_WARN_ABOUT_RETURN_TYPE = YES_ERROR;
				GCC_WARN_UNDECLARED_SELECTOR = YES;
				GCC_WARN_UNINITIALIZED_AUTOS = YES_AGGRESSIVE;
				GCC_WARN_UNUSED_FUNCTION = YES;
				GCC_WARN_UNUSED_VARIABLE = YES;
				IPHONEOS_DEPLOYMENT_TARGET = 15.2;
				MTL_ENABLE_DEBUG_INFO = NO;
				MTL_FAST_MATH = YES;
				SDKROOT = iphoneos;
				SWIFT_COMPILATION_MODE = wholemodule;
				SWIFT_OPTIMIZATION_LEVEL = "-O";
				VALIDATE_PRODUCT = YES;
			};
			name = Release;
		};
		D6AA88FC286B8D140008DBD2 /* Debug */ = {
			isa = XCBuildConfiguration;
			baseConfigurationReference = 502544A12CB8D2D489E68B3F /* Pods-ACCPodTester.debug.xcconfig */;
			buildSettings = {
				ASSETCATALOG_COMPILER_APPICON_NAME = AppIcon;
				ASSETCATALOG_COMPILER_GLOBAL_ACCENT_COLOR_NAME = AccentColor;
				CODE_SIGN_STYLE = Automatic;
				CURRENT_PROJECT_VERSION = 1;
				DEVELOPMENT_TEAM = U5MNLYT34V;
				GENERATE_INFOPLIST_FILE = YES;
				INFOPLIST_FILE = ACCPodTester/Info.plist;
				INFOPLIST_KEY_UIApplicationSupportsIndirectInputEvents = YES;
				INFOPLIST_KEY_UILaunchStoryboardName = LaunchScreen;
				INFOPLIST_KEY_UIMainStoryboardFile = Main;
				INFOPLIST_KEY_UISupportedInterfaceOrientations_iPad = "UIInterfaceOrientationPortrait UIInterfaceOrientationPortraitUpsideDown UIInterfaceOrientationLandscapeLeft UIInterfaceOrientationLandscapeRight";
				INFOPLIST_KEY_UISupportedInterfaceOrientations_iPhone = "UIInterfaceOrientationPortrait UIInterfaceOrientationLandscapeLeft UIInterfaceOrientationLandscapeRight";
				LD_RUNPATH_SEARCH_PATHS = (
					"$(inherited)",
					"@executable_path/Frameworks",
				);
				MARKETING_VERSION = 1.0;
				PRODUCT_BUNDLE_IDENTIFIER = com.adobe.marketing.mobile.ACCPodTester;
				PRODUCT_NAME = "$(TARGET_NAME)";
				SWIFT_EMIT_LOC_STRINGS = YES;
				SWIFT_VERSION = 5.0;
				TARGETED_DEVICE_FAMILY = "1,2";
			};
			name = Debug;
		};
		D6AA88FD286B8D140008DBD2 /* Release */ = {
			isa = XCBuildConfiguration;
			baseConfigurationReference = 34071476EF96641326D2799B /* Pods-ACCPodTester.release.xcconfig */;
			buildSettings = {
				ASSETCATALOG_COMPILER_APPICON_NAME = AppIcon;
				ASSETCATALOG_COMPILER_GLOBAL_ACCENT_COLOR_NAME = AccentColor;
				CODE_SIGN_STYLE = Automatic;
				CURRENT_PROJECT_VERSION = 1;
				DEVELOPMENT_TEAM = U5MNLYT34V;
				GENERATE_INFOPLIST_FILE = YES;
				INFOPLIST_FILE = ACCPodTester/Info.plist;
				INFOPLIST_KEY_UIApplicationSupportsIndirectInputEvents = YES;
				INFOPLIST_KEY_UILaunchStoryboardName = LaunchScreen;
				INFOPLIST_KEY_UIMainStoryboardFile = Main;
				INFOPLIST_KEY_UISupportedInterfaceOrientations_iPad = "UIInterfaceOrientationPortrait UIInterfaceOrientationPortraitUpsideDown UIInterfaceOrientationLandscapeLeft UIInterfaceOrientationLandscapeRight";
				INFOPLIST_KEY_UISupportedInterfaceOrientations_iPhone = "UIInterfaceOrientationPortrait UIInterfaceOrientationLandscapeLeft UIInterfaceOrientationLandscapeRight";
				LD_RUNPATH_SEARCH_PATHS = (
					"$(inherited)",
					"@executable_path/Frameworks",
				);
				MARKETING_VERSION = 1.0;
				PRODUCT_BUNDLE_IDENTIFIER = com.adobe.marketing.mobile.ACCPodTester;
				PRODUCT_NAME = "$(TARGET_NAME)";
				SWIFT_EMIT_LOC_STRINGS = YES;
				SWIFT_VERSION = 5.0;
				TARGETED_DEVICE_FAMILY = "1,2";
			};
			name = Release;
		};
/* End XCBuildConfiguration section */

/* Begin XCConfigurationList section */
		D6AA88E2286B8D140008DBD2 /* Build configuration list for PBXProject "ACCPodTester" */ = {
			isa = XCConfigurationList;
			buildConfigurations = (
				D6AA88F9286B8D140008DBD2 /* Debug */,
				D6AA88FA286B8D140008DBD2 /* Release */,
			);
			defaultConfigurationIsVisible = 0;
			defaultConfigurationName = Release;
		};
		D6AA88FB286B8D140008DBD2 /* Build configuration list for PBXNativeTarget "ACCPodTester" */ = {
			isa = XCConfigurationList;
			buildConfigurations = (
				D6AA88FC286B8D140008DBD2 /* Debug */,
				D6AA88FD286B8D140008DBD2 /* Release */,
			);
			defaultConfigurationIsVisible = 0;
			defaultConfigurationName = Release;
		};
/* End XCConfigurationList section */
	};
	rootObject = D6AA88DF286B8D140008DBD2 /* Project object */;
}
